// !$*UTF8*$!
{
	archiveVersion = 1;
	classes = {
	};
	objectVersion = 56;
	objects = {

/* Begin PBXBuildFile section */
		053313142EBA289E009EA61E /* HomeViewController.swift in Sources */ = {isa = PBXBuildFile; fileRef = 053313132EBA289E009EA61E /* HomeViewController.swift */; };
		053313182EBAB2EB009EA61E /* GameCardCell.swift in Sources */ = {isa = PBXBuildFile; fileRef = 053313172EBAB2EB009EA61E /* GameCardCell.swift */; };
		0533131A2EBB1274009EA61E /* WishlistViewController.swift in Sources */ = {isa = PBXBuildFile; fileRef = 053313192EBB1274009EA61E /* WishlistViewController.swift */; };
		05654ED12ED6AC9F00A7F2C2 /* RatingsBackfillService.swift .swift in Sources */ = {isa = PBXBuildFile; fileRef = 05654ED02ED6AC9F00A7F2C2 /* RatingsBackfillService.swift .swift */; };
		05EC3DD52EB5D40A00103816 /* AppDelegate.swift in Sources */ = {isa = PBXBuildFile; fileRef = 05EC3DD42EB5D40A00103816 /* AppDelegate.swift */; };
		05EC3DD72EB5D40A00103816 /* SceneDelegate.swift in Sources */ = {isa = PBXBuildFile; fileRef = 05EC3DD62EB5D40A00103816 /* SceneDelegate.swift */; };
		05EC3DD92EB5D40A00103816 /* LoginViewController.swift in Sources */ = {isa = PBXBuildFile; fileRef = 05EC3DD82EB5D40A00103816 /* LoginViewController.swift */; };
		05EC3DDC2EB5D40A00103816 /* Base in Resources */ = {isa = PBXBuildFile; fileRef = 05EC3DDB2EB5D40A00103816 /* Base */; };
		05EC3DDE2EB5D40D00103816 /* Assets.xcassets in Resources */ = {isa = PBXBuildFile; fileRef = 05EC3DDD2EB5D40D00103816 /* Assets.xcassets */; };
		05EC3DE92EB5D45C00103816 /* GoogleService-Info.plist in Resources */ = {isa = PBXBuildFile; fileRef = 05EC3DE82EB5D45C00103816 /* GoogleService-Info.plist */; };
		05EC3DEC2EB5D6B500103816 /* FirebaseAuth in Frameworks */ = {isa = PBXBuildFile; productRef = 05EC3DEB2EB5D6B500103816 /* FirebaseAuth */; };
		05EC3DEE2EB5D6B500103816 /* FirebaseFirestore in Frameworks */ = {isa = PBXBuildFile; productRef = 05EC3DED2EB5D6B500103816 /* FirebaseFirestore */; };
		05EC3E032EB5DD6D00103816 /* SignUpViewController.swift in Sources */ = {isa = PBXBuildFile; fileRef = 05EC3DFE2EB5DD6D00103816 /* SignUpViewController.swift */; };
		05EC3E052EB5DD9800103816 /* GamesRepository.swift in Sources */ = {isa = PBXBuildFile; fileRef = 05EC3E042EB5DD9800103816 /* GamesRepository.swift */; };
		05EC3E072EB5DDB500103816 /* UsersRepository.swift in Sources */ = {isa = PBXBuildFile; fileRef = 05EC3E062EB5DDB500103816 /* UsersRepository.swift */; };
		05EC3E092EB5DDD200103816 /* ReviewsRepository.swift in Sources */ = {isa = PBXBuildFile; fileRef = 05EC3E082EB5DDD200103816 /* ReviewsRepository.swift */; };
		05EC3E0B2EB5DDE700103816 /* Game.swift in Sources */ = {isa = PBXBuildFile; fileRef = 05EC3E0A2EB5DDE700103816 /* Game.swift */; };
		05EC3E0F2EB5DE1100103816 /* Review.swift in Sources */ = {isa = PBXBuildFile; fileRef = 05EC3E0E2EB5DE1100103816 /* Review.swift */; };
		05EC3E132EB5DE9200103816 /* FirebaseManager.swift in Sources */ = {isa = PBXBuildFile; fileRef = 05EC3E122EB5DE9200103816 /* FirebaseManager.swift */; };
		05EC3E192EB5DF3400103816 /* GameDetailViewController.swift in Sources */ = {isa = PBXBuildFile; fileRef = 05EC3E182EB5DF3400103816 /* GameDetailViewController.swift */; };
		05EC3E1B2EB5DF4C00103816 /* AddReviewViewController.swift in Sources */ = {isa = PBXBuildFile; fileRef = 05EC3E1A2EB5DF4C00103816 /* AddReviewViewController.swift */; };
		05EC3E1D2EB5E88700103816 /* Extensions.swift in Sources */ = {isa = PBXBuildFile; fileRef = 05EC3E1C2EB5E88700103816 /* Extensions.swift */; };
/* End PBXBuildFile section */

/* Begin PBXFileReference section */
		053313132EBA289E009EA61E /* HomeViewController.swift */ = {isa = PBXFileReference; lastKnownFileType = sourcecode.swift; path = HomeViewController.swift; sourceTree = "<group>"; };
		053313172EBAB2EB009EA61E /* GameCardCell.swift */ = {isa = PBXFileReference; lastKnownFileType = sourcecode.swift; path = GameCardCell.swift; sourceTree = "<group>"; };
		053313192EBB1274009EA61E /* WishlistViewController.swift */ = {isa = PBXFileReference; lastKnownFileType = sourcecode.swift; path = WishlistViewController.swift; sourceTree = "<group>"; };
		05654ED02ED6AC9F00A7F2C2 /* RatingsBackfillService.swift .swift */ = {isa = PBXFileReference; lastKnownFileType = sourcecode.swift; path = "RatingsBackfillService.swift .swift"; sourceTree = "<group>"; };
		05EC3DD12EB5D40A00103816 /* GameSeerr.app */ = {isa = PBXFileReference; explicitFileType = wrapper.application; includeInIndex = 0; path = GameSeerr.app; sourceTree = BUILT_PRODUCTS_DIR; };
		05EC3DD42EB5D40A00103816 /* AppDelegate.swift */ = {isa = PBXFileReference; lastKnownFileType = sourcecode.swift; path = AppDelegate.swift; sourceTree = "<group>"; };
		05EC3DD62EB5D40A00103816 /* SceneDelegate.swift */ = {isa = PBXFileReference; lastKnownFileType = sourcecode.swift; path = SceneDelegate.swift; sourceTree = "<group>"; };
		05EC3DD82EB5D40A00103816 /* LoginViewController.swift */ = {isa = PBXFileReference; lastKnownFileType = sourcecode.swift; name = LoginViewController.swift; path = ../LoginViewController.swift; sourceTree = "<group>"; };
		05EC3DDB2EB5D40A00103816 /* Base */ = {isa = PBXFileReference; lastKnownFileType = file.storyboard; name = Base; path = Base.lproj/Main.storyboard; sourceTree = "<group>"; };
		05EC3DDD2EB5D40D00103816 /* Assets.xcassets */ = {isa = PBXFileReference; lastKnownFileType = folder.assetcatalog; path = Assets.xcassets; sourceTree = "<group>"; };
		05EC3DE22EB5D40D00103816 /* Info.plist */ = {isa = PBXFileReference; lastKnownFileType = text.plist.xml; path = Info.plist; sourceTree = "<group>"; };
		05EC3DE82EB5D45C00103816 /* GoogleService-Info.plist */ = {isa = PBXFileReference; fileEncoding = 4; lastKnownFileType = text.plist.xml; name = "GoogleService-Info.plist"; path = "../../../Downloads/GoogleService-Info.plist"; sourceTree = "<group>"; };
		05EC3DFE2EB5DD6D00103816 /* SignUpViewController.swift */ = {isa = PBXFileReference; fileEncoding = 4; lastKnownFileType = sourcecode.swift; path = SignUpViewController.swift; sourceTree = "<group>"; };
		05EC3E042EB5DD9800103816 /* GamesRepository.swift */ = {isa = PBXFileReference; lastKnownFileType = sourcecode.swift; path = GamesRepository.swift; sourceTree = "<group>"; };
		05EC3E062EB5DDB500103816 /* UsersRepository.swift */ = {isa = PBXFileReference; lastKnownFileType = sourcecode.swift; path = UsersRepository.swift; sourceTree = "<group>"; };
		05EC3E082EB5DDD200103816 /* ReviewsRepository.swift */ = {isa = PBXFileReference; lastKnownFileType = sourcecode.swift; path = ReviewsRepository.swift; sourceTree = "<group>"; };
		05EC3E0A2EB5DDE700103816 /* Game.swift */ = {isa = PBXFileReference; lastKnownFileType = sourcecode.swift; path = Game.swift; sourceTree = "<group>"; };
		05EC3E0E2EB5DE1100103816 /* Review.swift */ = {isa = PBXFileReference; lastKnownFileType = sourcecode.swift; path = Review.swift; sourceTree = "<group>"; };
		05EC3E122EB5DE9200103816 /* FirebaseManager.swift */ = {isa = PBXFileReference; lastKnownFileType = sourcecode.swift; path = FirebaseManager.swift; sourceTree = "<group>"; };
		05EC3E182EB5DF3400103816 /* GameDetailViewController.swift */ = {isa = PBXFileReference; lastKnownFileType = sourcecode.swift; path = GameDetailViewController.swift; sourceTree = "<group>"; };
		05EC3E1A2EB5DF4C00103816 /* AddReviewViewController.swift */ = {isa = PBXFileReference; lastKnownFileType = sourcecode.swift; path = AddReviewViewController.swift; sourceTree = "<group>"; };
		05EC3E1C2EB5E88700103816 /* Extensions.swift */ = {isa = PBXFileReference; lastKnownFileType = sourcecode.swift; path = Extensions.swift; sourceTree = "<group>"; };
/* End PBXFileReference section */

/* Begin PBXFrameworksBuildPhase section */
		05EC3DCE2EB5D40A00103816 /* Frameworks */ = {
			isa = PBXFrameworksBuildPhase;
			buildActionMask = 2147483647;
			files = (
				05EC3DEC2EB5D6B500103816 /* FirebaseAuth in Frameworks */,
				05EC3DEE2EB5D6B500103816 /* FirebaseFirestore in Frameworks */,
			);
			runOnlyForDeploymentPostprocessing = 0;
		};
/* End PBXFrameworksBuildPhase section */

/* Begin PBXGroup section */
		05EC3DC82EB5D40A00103816 = {
			isa = PBXGroup;
			children = (
				05EC3DD32EB5D40A00103816 /* GameSeerr */,
				05EC3DD22EB5D40A00103816 /* Products */,
			);
			sourceTree = "<group>";
		};
		05EC3DD22EB5D40A00103816 /* Products */ = {
			isa = PBXGroup;
			children = (
				05EC3DD12EB5D40A00103816 /* GameSeerr.app */,
			);
			name = Products;
			sourceTree = "<group>";
		};
		05EC3DD32EB5D40A00103816 /* GameSeerr */ = {
			isa = PBXGroup;
			children = (
				05EC3DFF2EB5DD6D00103816 /* Auth */,
				05EC3E002EB5DD6D00103816 /* Common */,
				05EC3DFC2EB5DD6D00103816 /* Firebase */,
				05EC3E012EB5DD6D00103816 /* Games */,
				05EC3DF72EB5DD6D00103816 /* Repository */,
				05EC3DD42EB5D40A00103816 /* AppDelegate.swift */,
				05EC3DD62EB5D40A00103816 /* SceneDelegate.swift */,
				05EC3DDA2EB5D40A00103816 /* Main.storyboard */,
				05EC3DDD2EB5D40D00103816 /* Assets.xcassets */,
				05EC3DE22EB5D40D00103816 /* Info.plist */,
				05EC3DE82EB5D45C00103816 /* GoogleService-Info.plist */,
			);
			path = GameSeerr;
			sourceTree = "<group>";
		};
		05EC3DF42EB5DD6D00103816 /* Model */ = {
			isa = PBXGroup;
			children = (
				05EC3E0A2EB5DDE700103816 /* Game.swift */,
				05EC3E0E2EB5DE1100103816 /* Review.swift */,
			);
			path = Model;
			sourceTree = "<group>";
		};
		05EC3DF72EB5DD6D00103816 /* Repository */ = {
			isa = PBXGroup;
			children = (
				05EC3DF42EB5DD6D00103816 /* Model */,
				05EC3E042EB5DD9800103816 /* GamesRepository.swift */,
				05EC3E062EB5DDB500103816 /* UsersRepository.swift */,
				05EC3E082EB5DDD200103816 /* ReviewsRepository.swift */,
			);
			path = Repository;
			sourceTree = "<group>";
		};
		05EC3DFC2EB5DD6D00103816 /* Firebase */ = {
			isa = PBXGroup;
			children = (
				05EC3E122EB5DE9200103816 /* FirebaseManager.swift */,
			);
			path = Firebase;
			sourceTree = "<group>";
		};
		05EC3DFF2EB5DD6D00103816 /* Auth */ = {
			isa = PBXGroup;
			children = (
				05EC3DD82EB5D40A00103816 /* LoginViewController.swift */,
				05EC3DFE2EB5DD6D00103816 /* SignUpViewController.swift */,
			);
			path = Auth;
			sourceTree = "<group>";
		};
		05EC3E002EB5DD6D00103816 /* Common */ = {
			isa = PBXGroup;
			children = (
				05EC3E1C2EB5E88700103816 /* Extensions.swift */,
				05654ED02ED6AC9F00A7F2C2 /* RatingsBackfillService.swift .swift */,
			);
			path = Common;
			sourceTree = "<group>";
		};
		05EC3E012EB5DD6D00103816 /* Games */ = {
			isa = PBXGroup;
			children = (
				05EC3E182EB5DF3400103816 /* GameDetailViewController.swift */,
				05EC3E1A2EB5DF4C00103816 /* AddReviewViewController.swift */,
				053313132EBA289E009EA61E /* HomeViewController.swift */,
				053313172EBAB2EB009EA61E /* GameCardCell.swift */,
				053313192EBB1274009EA61E /* WishlistViewController.swift */,
			);
			path = Games;
			sourceTree = "<group>";
		};
/* End PBXGroup section */

/* Begin PBXNativeTarget section */
		05EC3DD02EB5D40A00103816 /* GameSeerr */ = {
			isa = PBXNativeTarget;
			buildConfigurationList = 05EC3DE52EB5D40D00103816 /* Build configuration list for PBXNativeTarget "GameSeerr" */;
			buildPhases = (
				05EC3DCD2EB5D40A00103816 /* Sources */,
				05EC3DCE2EB5D40A00103816 /* Frameworks */,
				05EC3DCF2EB5D40A00103816 /* Resources */,
			);
			buildRules = (
			);
			dependencies = (
			);
			name = GameSeerr;
			packageProductDependencies = (
				05EC3DEB2EB5D6B500103816 /* FirebaseAuth */,
				05EC3DED2EB5D6B500103816 /* FirebaseFirestore */,
			);
			productName = GameSeerr;
			productReference = 05EC3DD12EB5D40A00103816 /* GameSeerr.app */;
			productType = "com.apple.product-type.application";
		};
/* End PBXNativeTarget section */

/* Begin PBXProject section */
		05EC3DC92EB5D40A00103816 /* Project object */ = {
			isa = PBXProject;
			attributes = {
				BuildIndependentTargetsInParallel = 1;
				LastSwiftUpdateCheck = 1530;
				LastUpgradeCheck = 1530;
				TargetAttributes = {
					05EC3DD02EB5D40A00103816 = {
						CreatedOnToolsVersion = 15.3;
					};
				};
			};
			buildConfigurationList = 05EC3DCC2EB5D40A00103816 /* Build configuration list for PBXProject "GameSeerr" */;
			compatibilityVersion = "Xcode 14.0";
			developmentRegion = en;
			hasScannedForEncodings = 0;
			knownRegions = (
				en,
				Base,
			);
			mainGroup = 05EC3DC82EB5D40A00103816;
			packageReferences = (
				05EC3DEA2EB5D6B500103816 /* XCRemoteSwiftPackageReference "firebase-ios-sdk" */,
			);
			productRefGroup = 05EC3DD22EB5D40A00103816 /* Products */;
			projectDirPath = "";
			projectRoot = "";
			targets = (
				05EC3DD02EB5D40A00103816 /* GameSeerr */,
			);
		};
/* End PBXProject section */

/* Begin PBXResourcesBuildPhase section */
		05EC3DCF2EB5D40A00103816 /* Resources */ = {
			isa = PBXResourcesBuildPhase;
			buildActionMask = 2147483647;
			files = (
				05EC3DDE2EB5D40D00103816 /* Assets.xcassets in Resources */,
				05EC3DE92EB5D45C00103816 /* GoogleService-Info.plist in Resources */,
				05EC3DDC2EB5D40A00103816 /* Base in Resources */,
			);
			runOnlyForDeploymentPostprocessing = 0;
		};
/* End PBXResourcesBuildPhase section */

/* Begin PBXSourcesBuildPhase section */
		05EC3DCD2EB5D40A00103816 /* Sources */ = {
			isa = PBXSourcesBuildPhase;
			buildActionMask = 2147483647;
			files = (
				05EC3E132EB5DE9200103816 /* FirebaseManager.swift in Sources */,
				05EC3E0B2EB5DDE700103816 /* Game.swift in Sources */,
				05EC3E072EB5DDB500103816 /* UsersRepository.swift in Sources */,
				05EC3E1B2EB5DF4C00103816 /* AddReviewViewController.swift in Sources */,
				053313142EBA289E009EA61E /* HomeViewController.swift in Sources */,
				05EC3E052EB5DD9800103816 /* GamesRepository.swift in Sources */,
				053313182EBAB2EB009EA61E /* GameCardCell.swift in Sources */,
				05EC3DD92EB5D40A00103816 /* LoginViewController.swift in Sources */,
				05EC3E0F2EB5DE1100103816 /* Review.swift in Sources */,
				05EC3E192EB5DF3400103816 /* GameDetailViewController.swift in Sources */,
				05EC3DD52EB5D40A00103816 /* AppDelegate.swift in Sources */,
				05654ED12ED6AC9F00A7F2C2 /* RatingsBackfillService.swift .swift in Sources */,
				05EC3E1D2EB5E88700103816 /* Extensions.swift in Sources */,
				05EC3DD72EB5D40A00103816 /* SceneDelegate.swift in Sources */,
				0533131A2EBB1274009EA61E /* WishlistViewController.swift in Sources */,
				05EC3E032EB5DD6D00103816 /* SignUpViewController.swift in Sources */,
				05EC3E092EB5DDD200103816 /* ReviewsRepository.swift in Sources */,
			);
			runOnlyForDeploymentPostprocessing = 0;
		};
/* End PBXSourcesBuildPhase section */

/* Begin PBXVariantGroup section */
		05EC3DDA2EB5D40A00103816 /* Main.storyboard */ = {
			isa = PBXVariantGroup;
			children = (
				05EC3DDB2EB5D40A00103816 /* Base */,
			);
			name = Main.storyboard;
			sourceTree = "<group>";
		};
/* End PBXVariantGroup section */

/* Begin XCBuildConfiguration section */
		05EC3DE32EB5D40D00103816 /* Debug */ = {
			isa = XCBuildConfiguration;
			buildSettings = {
				ALWAYS_SEARCH_USER_PATHS = NO;
				ASSETCATALOG_COMPILER_GENERATE_SWIFT_ASSET_SYMBOL_EXTENSIONS = YES;
				CLANG_ANALYZER_NONNULL = YES;
				CLANG_ANALYZER_NUMBER_OBJECT_CONVERSION = YES_AGGRESSIVE;
				CLANG_CXX_LANGUAGE_STANDARD = "gnu++20";
				CLANG_ENABLE_MODULES = YES;
				CLANG_ENABLE_OBJC_ARC = YES;
				CLANG_ENABLE_OBJC_WEAK = YES;
				CLANG_WARN_BLOCK_CAPTURE_AUTORELEASING = YES;
				CLANG_WARN_BOOL_CONVERSION = YES;
				CLANG_WARN_COMMA = YES;
				CLANG_WARN_CONSTANT_CONVERSION = YES;
				CLANG_WARN_DEPRECATED_OBJC_IMPLEMENTATIONS = YES;
				CLANG_WARN_DIRECT_OBJC_ISA_USAGE = YES_ERROR;
				CLANG_WARN_DOCUMENTATION_COMMENTS = YES;
				CLANG_WARN_EMPTY_BODY = YES;
				CLANG_WARN_ENUM_CONVERSION = YES;
				CLANG_WARN_INFINITE_RECURSION = YES;
				CLANG_WARN_INT_CONVERSION = YES;
				CLANG_WARN_NON_LITERAL_NULL_CONVERSION = YES;
				CLANG_WARN_OBJC_IMPLICIT_RETAIN_SELF = YES;
				CLANG_WARN_OBJC_LITERAL_CONVERSION = YES;
				CLANG_WARN_OBJC_ROOT_CLASS = YES_ERROR;
				CLANG_WARN_QUOTED_INCLUDE_IN_FRAMEWORK_HEADER = YES;
				CLANG_WARN_RANGE_LOOP_ANALYSIS = YES;
				CLANG_WARN_STRICT_PROTOTYPES = YES;
				CLANG_WARN_SUSPICIOUS_MOVE = YES;
				CLANG_WARN_UNGUARDED_AVAILABILITY = YES_AGGRESSIVE;
				CLANG_WARN_UNREACHABLE_CODE = YES;
				CLANG_WARN__DUPLICATE_METHOD_MATCH = YES;
				COPY_PHASE_STRIP = NO;
				DEBUG_INFORMATION_FORMAT = dwarf;
				ENABLE_STRICT_OBJC_MSGSEND = YES;
				ENABLE_TESTABILITY = YES;
				ENABLE_USER_SCRIPT_SANDBOXING = YES;
				GCC_C_LANGUAGE_STANDARD = gnu17;
				GCC_DYNAMIC_NO_PIC = NO;
				GCC_NO_COMMON_BLOCKS = YES;
				GCC_OPTIMIZATION_LEVEL = 0;
				GCC_PREPROCESSOR_DEFINITIONS = (
					"DEBUG=1",
					"$(inherited)",
				);
				GCC_WARN_64_TO_32_BIT_CONVERSION = YES;
				GCC_WARN_ABOUT_RETURN_TYPE = YES_ERROR;
				GCC_WARN_UNDECLARED_SELECTOR = YES;
				GCC_WARN_UNINITIALIZED_AUTOS = YES_AGGRESSIVE;
				GCC_WARN_UNUSED_FUNCTION = YES;
				GCC_WARN_UNUSED_VARIABLE = YES;
				IPHONEOS_DEPLOYMENT_TARGET = 17.4;
				LOCALIZATION_PREFERS_STRING_CATALOGS = YES;
				MTL_ENABLE_DEBUG_INFO = INCLUDE_SOURCE;
				MTL_FAST_MATH = YES;
				ONLY_ACTIVE_ARCH = YES;
				SDKROOT = iphoneos;
				SWIFT_ACTIVE_COMPILATION_CONDITIONS = "DEBUG $(inherited)";
				SWIFT_OPTIMIZATION_LEVEL = "-Onone";
			};
			name = Debug;
		};
		05EC3DE42EB5D40D00103816 /* Release */ = {
			isa = XCBuildConfiguration;
			buildSettings = {
				ALWAYS_SEARCH_USER_PATHS = NO;
				ASSETCATALOG_COMPILER_GENERATE_SWIFT_ASSET_SYMBOL_EXTENSIONS = YES;
				CLANG_ANALYZER_NONNULL = YES;
				CLANG_ANALYZER_NUMBER_OBJECT_CONVERSION = YES_AGGRESSIVE;
				CLANG_CXX_LANGUAGE_STANDARD = "gnu++20";
				CLANG_ENABLE_MODULES = YES;
				CLANG_ENABLE_OBJC_ARC = YES;
				CLANG_ENABLE_OBJC_WEAK = YES;
				CLANG_WARN_BLOCK_CAPTURE_AUTORELEASING = YES;
				CLANG_WARN_BOOL_CONVERSION = YES;
				CLANG_WARN_COMMA = YES;
				CLANG_WARN_CONSTANT_CONVERSION = YES;
				CLANG_WARN_DEPRECATED_OBJC_IMPLEMENTATIONS = YES;
				CLANG_WARN_DIRECT_OBJC_ISA_USAGE = YES_ERROR;
				CLANG_WARN_DOCUMENTATION_COMMENTS = YES;
				CLANG_WARN_EMPTY_BODY = YES;
				CLANG_WARN_ENUM_CONVERSION = YES;
				CLANG_WARN_INFINITE_RECURSION = YES;
				CLANG_WARN_INT_CONVERSION = YES;
				CLANG_WARN_NON_LITERAL_NULL_CONVERSION = YES;
				CLANG_WARN_OBJC_IMPLICIT_RETAIN_SELF = YES;
				CLANG_WARN_OBJC_LITERAL_CONVERSION = YES;
				CLANG_WARN_OBJC_ROOT_CLASS = YES_ERROR;
				CLANG_WARN_QUOTED_INCLUDE_IN_FRAMEWORK_HEADER = YES;
				CLANG_WARN_RANGE_LOOP_ANALYSIS = YES;
				CLANG_WARN_STRICT_PROTOTYPES = YES;
				CLANG_WARN_SUSPICIOUS_MOVE = YES;
				CLANG_WARN_UNGUARDED_AVAILABILITY = YES_AGGRESSIVE;
				CLANG_WARN_UNREACHABLE_CODE = YES;
				CLANG_WARN__DUPLICATE_METHOD_MATCH = YES;
				COPY_PHASE_STRIP = NO;
				DEBUG_INFORMATION_FORMAT = "dwarf-with-dsym";
				ENABLE_NS_ASSERTIONS = NO;
				ENABLE_STRICT_OBJC_MSGSEND = YES;
				ENABLE_USER_SCRIPT_SANDBOXING = YES;
				GCC_C_LANGUAGE_STANDARD = gnu17;
				GCC_NO_COMMON_BLOCKS = YES;
				GCC_WARN_64_TO_32_BIT_CONVERSION = YES;
				GCC_WARN_ABOUT_RETURN_TYPE = YES_ERROR;
				GCC_WARN_UNDECLARED_SELECTOR = YES;
				GCC_WARN_UNINITIALIZED_AUTOS = YES_AGGRESSIVE;
				GCC_WARN_UNUSED_FUNCTION = YES;
				GCC_WARN_UNUSED_VARIABLE = YES;
				IPHONEOS_DEPLOYMENT_TARGET = 17.4;
				LOCALIZATION_PREFERS_STRING_CATALOGS = YES;
				MTL_ENABLE_DEBUG_INFO = NO;
				MTL_FAST_MATH = YES;
				SDKROOT = iphoneos;
				SWIFT_COMPILATION_MODE = wholemodule;
				VALIDATE_PRODUCT = YES;
			};
			name = Release;
		};
		05EC3DE62EB5D40D00103816 /* Debug */ = {
			isa = XCBuildConfiguration;
			buildSettings = {
				ASSETCATALOG_COMPILER_APPICON_NAME = AppIcon;
				ASSETCATALOG_COMPILER_GLOBAL_ACCENT_COLOR_NAME = AccentColor;
				CODE_SIGN_STYLE = Automatic;
				CURRENT_PROJECT_VERSION = 1;
				GENERATE_INFOPLIST_FILE = YES;
				INFOPLIST_FILE = GameSeerr/Info.plist;
				INFOPLIST_KEY_UIApplicationSupportsIndirectInputEvents = YES;
				INFOPLIST_KEY_UILaunchStoryboardName = LaunchScreen;
				INFOPLIST_KEY_UIMainStoryboardFile = Main;
				INFOPLIST_KEY_UIStatusBarStyle = "";
				INFOPLIST_KEY_UISupportedInterfaceOrientations_iPad = "UIInterfaceOrientationPortrait UIInterfaceOrientationPortraitUpsideDown UIInterfaceOrientationLandscapeLeft UIInterfaceOrientationLandscapeRight";
				INFOPLIST_KEY_UISupportedInterfaceOrientations_iPhone = "UIInterfaceOrientationPortrait UIInterfaceOrientationLandscapeLeft UIInterfaceOrientationLandscapeRight";
				IPHONEOS_DEPLOYMENT_TARGET = 15.5;
				LD_RUNPATH_SEARCH_PATHS = (
					"$(inherited)",
					"@executable_path/Frameworks",
				);
				MARKETING_VERSION = 1.0;
				PRODUCT_BUNDLE_IDENTIFIER = com.iosapps.GameSeerr;
				PRODUCT_NAME = "$(TARGET_NAME)";
				SWIFT_EMIT_LOC_STRINGS = YES;
				SWIFT_VERSION = 5.0;
				TARGETED_DEVICE_FAMILY = "1,2";
			};
			name = Debug;
		};
		05EC3DE72EB5D40D00103816 /* Release */ = {
			isa = XCBuildConfiguration;
			buildSettings = {
				ASSETCATALOG_COMPILER_APPICON_NAME = AppIcon;
				ASSETCATALOG_COMPILER_GLOBAL_ACCENT_COLOR_NAME = AccentColor;
				CODE_SIGN_STYLE = Automatic;
				CURRENT_PROJECT_VERSION = 1;
				GENERATE_INFOPLIST_FILE = YES;
				INFOPLIST_FILE = GameSeerr/Info.plist;
				INFOPLIST_KEY_UIApplicationSupportsIndirectInputEvents = YES;
				INFOPLIST_KEY_UILaunchStoryboardName = LaunchScreen;
				INFOPLIST_KEY_UIMainStoryboardFile = Main;
				INFOPLIST_KEY_UIStatusBarStyle = "";
				INFOPLIST_KEY_UISupportedInterfaceOrientations_iPad = "UIInterfaceOrientationPortrait UIInterfaceOrientationPortraitUpsideDown UIInterfaceOrientationLandscapeLeft UIInterfaceOrientationLandscapeRight";
				INFOPLIST_KEY_UISupportedInterfaceOrientations_iPhone = "UIInterfaceOrientationPortrait UIInterfaceOrientationLandscapeLeft UIInterfaceOrientationLandscapeRight";
				IPHONEOS_DEPLOYMENT_TARGET = 15.5;
				LD_RUNPATH_SEARCH_PATHS = (
					"$(inherited)",
					"@executable_path/Frameworks",
				);
				MARKETING_VERSION = 1.0;
				PRODUCT_BUNDLE_IDENTIFIER = com.iosapps.GameSeerr;
				PRODUCT_NAME = "$(TARGET_NAME)";
				SWIFT_EMIT_LOC_STRINGS = YES;
				SWIFT_VERSION = 5.0;
				TARGETED_DEVICE_FAMILY = "1,2";
			};
			name = Release;
		};
/* End XCBuildConfiguration section */

/* Begin XCConfigurationList section */
		05EC3DCC2EB5D40A00103816 /* Build configuration list for PBXProject "GameSeerr" */ = {
			isa = XCConfigurationList;
			buildConfigurations = (
				05EC3DE32EB5D40D00103816 /* Debug */,
				05EC3DE42EB5D40D00103816 /* Release */,
			);
			defaultConfigurationIsVisible = 0;
			defaultConfigurationName = Release;
		};
		05EC3DE52EB5D40D00103816 /* Build configuration list for PBXNativeTarget "GameSeerr" */ = {
			isa = XCConfigurationList;
			buildConfigurations = (
				05EC3DE62EB5D40D00103816 /* Debug */,
				05EC3DE72EB5D40D00103816 /* Release */,
			);
			defaultConfigurationIsVisible = 0;
			defaultConfigurationName = Release;
		};
/* End XCConfigurationList section */

/* Begin XCRemoteSwiftPackageReference section */
		05EC3DEA2EB5D6B500103816 /* XCRemoteSwiftPackageReference "firebase-ios-sdk" */ = {
			isa = XCRemoteSwiftPackageReference;
			repositoryURL = "https://github.com/firebase/firebase-ios-sdk";
			requirement = {
				kind = exactVersion;
				version = 11.9.0;
			};
		};
/* End XCRemoteSwiftPackageReference section */

/* Begin XCSwiftPackageProductDependency section */
		05EC3DEB2EB5D6B500103816 /* FirebaseAuth */ = {
			isa = XCSwiftPackageProductDependency;
			package = 05EC3DEA2EB5D6B500103816 /* XCRemoteSwiftPackageReference "firebase-ios-sdk" */;
			productName = FirebaseAuth;
		};
		05EC3DED2EB5D6B500103816 /* FirebaseFirestore */ = {
			isa = XCSwiftPackageProductDependency;
			package = 05EC3DEA2EB5D6B500103816 /* XCRemoteSwiftPackageReference "firebase-ios-sdk" */;
			productName = FirebaseFirestore;
		};
/* End XCSwiftPackageProductDependency section */
	};
	rootObject = 05EC3DC92EB5D40A00103816 /* Project object */;
}
